
Microsoft Visual Studio Solution File, Format Version 12.00
# Visual Studio Version 17
VisualStudioVersion = 17.8.34511.84
MinimumVisualStudioVersion = 10.0.40219.1
Project("{FAE04EC0-301F-11D3-BF4B-00C04F79EFBC}") = "TopologicalSort", "TopologicalSort\TopologicalSort.csproj", "{1FD4652C-0E9B-4521-A07A-95496E2A372B}"
EndProject
Global
	GlobalSection(SolutionConfigurationPlatforms) = preSolution
		Debug|Any CPU = Debug|Any CPU
		Release|Any CPU = Release|Any CPU
	EndGlobalSection
	GlobalSection(ProjectConfigurationPlatforms) = postSolution
		{1FD4652C-0E9B-4521-A07A-95496E2A372B}.Debug|Any CPU.ActiveCfg = Debug|Any CPU
		{1FD4652C-0E9B-4521-A07A-95496E2A372B}.Debug|Any CPU.Build.0 = Debug|Any CPU
		{1FD4652C-0E9B-4521-A07A-95496E2A372B}.Release|Any CPU.ActiveCfg = Release|Any CPU
		{1FD4652C-0E9B-4521-A07A-95496E2A372B}.Release|Any CPU.Build.0 = Release|Any CPU
	EndGlobalSection
	GlobalSection(SolutionProperties) = preSolution
		HideSolutionNode = FALSE
	EndGlobalSection
	GlobalSection(ExtensibilityGlobals) = postSolution
		SolutionGuid = {2F51DBFA-5240-4032-8567-D979138A4B4D}
	EndGlobalSection
EndGlobal
